<?xml version="1.0" encoding="utf-8"?>
<Project ToolsVersion="4.0" xmlns="http://schemas.microsoft.com/developer/msbuild/2003">
  <ItemGroup>
    <ClInclude Include="pch.h" />
    <ClInclude Include="Core\Game.h" />
    <ClInclude Include="Utils\Utils.h" />
    <ClInclude Include="d3dx12.h" />
    <ClInclude Include="Core\DeviceResources.h" />
    <ClInclude Include="Utils\StepTimer.h" />
    <ClInclude Include="SceneClasses\GameObject.h" />
    <ClInclude Include="Components\BaseComponent.h" />
    <ClInclude Include="Misc\Singleton.h" />
    <ClInclude Include="Managers\SceneManager.h" />
    <ClInclude Include="SceneClasses\Scene.h" />
    <ClInclude Include="SceneUtils.h" />
    <ClInclude Include="Scenes\TestScene.h" />
    <ClInclude Include="Core\Renderer.h" />
    <ClInclude Include="Logger.h" />
    <ClInclude Include="Command\Command.h" />
    <ClInclude Include="Structs\KeyStructs.h" />
    <ClInclude Include="Managers\InputManager.h" />
    <ClInclude Include="Structs\KeyStructs.h" />
    <ClInclude Include="Structs\Contexts.h" />
    <ClInclude Include="Components\CameraComponent.h" />
    <ClInclude Include="Prefabs\CameraFixed.h" />
    <ClInclude Include="Components\MeshRenderComponent.h" />
    <ClInclude Include="Components\TransformComponent.h" />
    <ClInclude Include="Prefabs\FreeMoveCamera.h" />
  </ItemGroup>
  <ItemGroup>
    <ClCompile Include="pch.cpp" />
    <ClCompile Include="Core\Game.cpp" />
    <ClCompile Include="Core\Main.cpp" />
    <ClCompile Include="Core\DeviceResources.cpp" />
    <ClCompile Include="Managers\SceneManager.cpp" />
    <ClCompile Include="SceneClasses\Scene.cpp" />
    <ClCompile Include="Scenes\TestScene.cpp" />
    <ClCompile Include="Core\Renderer.cpp" />
    <ClCompile Include="Logger.cpp" />
    <ClCompile Include="Managers\InputManager.cpp" />
    <ClCompile Include="Components\CameraComponent.cpp" />
    <ClCompile Include="Prefabs\CameraFixed.cpp" />
    <ClCompile Include="SceneClasses\GameObject.cpp" />
    <ClCompile Include="Components\MeshRenderComponent.cpp" />
    <ClCompile Include="Components\TransformComponent.cpp" />
    <ClCompile Include="Prefabs\FreeMoveCamera.cpp" />
  </ItemGroup>
  <ItemGroup>
    <ResourceCompile Include="resource.rc" />
  </ItemGroup>
  <ItemGroup>
    <None Include="packages.config" />
  </ItemGroup>
  <ItemGroup>
    <Image Include="directx.ico" />
  </ItemGroup>
  <ItemGroup>
    <Manifest Include="settings.manifest" />
  </ItemGroup>
</Project>