<?xml version="1.0" encoding="utf-8"?>
<Project ToolsVersion="4.0" xmlns="http://schemas.microsoft.com/developer/msbuild/2003">
  <ItemGroup>
    <Filter Include="Common">
      <UniqueIdentifier>4e5add48-33df-42c7-b57e-7067a232b8c1</UniqueIdentifier>
    </Filter>
    <Filter Include="Assets">
      <UniqueIdentifier>7f47f783-80ed-4061-8c5d-b5aa0c211c47</UniqueIdentifier>
      <Extensions>ico;cur;bmp;dds;dlg;fbx;rct;bin;rgs;gif;jpg;jpeg;jpe;resx;tga;tiff;tif;png;wav;mfcribbon-ms</Extensions>
    </Filter>
    <Filter Include="ImGui">
      <UniqueIdentifier>{d92021bb-25bf-4591-aeab-18680a0ac69f}</UniqueIdentifier>
    </Filter>
  </ItemGroup>
  <ItemGroup>
    <ClInclude Include="pch.h" />
    <ClInclude Include="Main\StepTimer.h">
      <Filter>Common</Filter>
    </ClInclude>
    <ClInclude Include="Core\DeviceResources.h">
      <Filter>Common</Filter>
    </ClInclude>
    <ClInclude Include="d3dx12.h">
      <Filter>Common</Filter>
    </ClInclude>
    <ClInclude Include="Core\Renderer.h" />
    <ClInclude Include="Command\Command.h" />
    <ClInclude Include="Main\Logger.h" />
    <ClInclude Include="Main\Singleton.h" />
    <ClInclude Include="Components\BaseComponent.h" />
    <ClInclude Include="Components\CameraComponent.h" />
    <ClInclude Include="Components\TransformComponent.h" />
    <ClInclude Include="Managers\InputManager.h" />
    <ClInclude Include="Managers\SceneManager.h" />
    <ClInclude Include="SceneClasses\GameObject.h" />
    <ClInclude Include="SceneClasses\Scene.h" />
    <ClInclude Include="Utils\Utils.h" />
    <ClInclude Include="Prefabs\Shapes\Circle.h" />
    <ClInclude Include="Prefabs\Shapes\Cube.h" />
    <ClInclude Include="Prefabs\Shapes\Shape.h" />
    <ClInclude Include="Prefabs\CameraFixed.h" />
    <ClInclude Include="Prefabs\FreeMoveCamera.h" />
    <ClInclude Include="Components\Meshes\MeshRenderComponent.h" />
    <ClInclude Include="Main\Game.h" />
    <ClInclude Include="Main\Timer.h" />
    <ClInclude Include="Main\NullTimer.h" />
    <ClInclude Include="Utils\Locator.h" />
    <ClInclude Include="Utils\GameHandler.h" />
    <ClInclude Include="Structs\KeyStructs.h" />
    <ClInclude Include="..\ThirdParty\ImGui\imconfig.h">
      <Filter>ImGui</Filter>
    </ClInclude>
    <ClInclude Include="..\ThirdParty\ImGui\imgui.h">
      <Filter>ImGui</Filter>
    </ClInclude>
    <ClInclude Include="..\ThirdParty\ImGui\imgui_internal.h">
      <Filter>ImGui</Filter>
    </ClInclude>
    <ClInclude Include="..\ThirdParty\ImGui\imstb_rectpack.h">
      <Filter>ImGui</Filter>
    </ClInclude>
    <ClInclude Include="..\ThirdParty\ImGui\imstb_textedit.h">
      <Filter>ImGui</Filter>
    </ClInclude>
    <ClInclude Include="..\ThirdParty\ImGui\imstb_truetype.h">
      <Filter>ImGui</Filter>
    </ClInclude>
    <ClInclude Include="..\ThirdParty\ImGui\backends\imgui_impl_dx12.h">
      <Filter>ImGui</Filter>
    </ClInclude>
    <ClInclude Include="..\ThirdParty\ImGui\backends\imgui_impl_win32.h">
      <Filter>ImGui</Filter>
    </ClInclude>
    <ClInclude Include="Components\Meshes\ShapeRenderComponent.h" />
    <ClInclude Include="Components\Meshes\ModelRenderComponent.h" />
    <ClInclude Include="Prefabs\ModelObject.h" />
    <ClInclude Include="Main\ECS.h" />
  </ItemGroup>
  <ItemGroup>
    <ClCompile Include="pch.cpp" />
    <ClCompile Include="Core\DeviceResources.cpp">
      <Filter>Common</Filter>
    </ClCompile>
    <ClCompile Include="Core\Renderer.cpp" />
    <ClCompile Include="Main\Logger.cpp" />
    <ClCompile Include="Components\CameraComponent.cpp" />
    <ClCompile Include="Components\TransformComponent.cpp" />
    <ClCompile Include="Managers\InputManager.cpp" />
    <ClCompile Include="Managers\SceneManager.cpp" />
    <ClCompile Include="SceneClasses\GameObject.cpp" />
    <ClCompile Include="SceneClasses\Scene.cpp" />
    <ClCompile Include="Prefabs\Shapes\Circle.cpp" />
    <ClCompile Include="Prefabs\Shapes\Cube.cpp" />
    <ClCompile Include="Prefabs\Shapes\Shape.cpp" />
    <ClCompile Include="Prefabs\CameraFixed.cpp" />
    <ClCompile Include="Prefabs\FreeMoveCamera.cpp" />
    <ClCompile Include="Components\Meshes\MeshRenderComponent.cpp" />
    <ClCompile Include="Main\Game.cpp" />
    <ClCompile Include="..\ThirdParty\ImGui\imgui.cpp">
      <Filter>ImGui</Filter>
    </ClCompile>
    <ClCompile Include="..\ThirdParty\ImGui\imgui_demo.cpp">
      <Filter>ImGui</Filter>
    </ClCompile>
    <ClCompile Include="..\ThirdParty\ImGui\imgui_draw.cpp">
      <Filter>ImGui</Filter>
    </ClCompile>
    <ClCompile Include="..\ThirdParty\ImGui\imgui_tables.cpp">
      <Filter>ImGui</Filter>
    </ClCompile>
    <ClCompile Include="..\ThirdParty\ImGui\imgui_widgets.cpp">
      <Filter>ImGui</Filter>
    </ClCompile>
    <ClCompile Include="..\ThirdParty\ImGui\backends\imgui_impl_dx12.cpp">
      <Filter>ImGui</Filter>
    </ClCompile>
    <ClCompile Include="..\ThirdParty\ImGui\backends\imgui_impl_win32.cpp">
      <Filter>ImGui</Filter>
    </ClCompile>
    <ClCompile Include="Components\Meshes\ShapeRenderComponent.cpp" />
    <ClCompile Include="Components\Meshes\ModelRenderComponent.cpp" />
    <ClCompile Include="Prefabs\ModelObject.cpp" />
  </ItemGroup>
  <ItemGroup>
    <ResourceCompile Include="resource.rc" />
  </ItemGroup>
  <ItemGroup>
    <Image Include="directx.ico">
      <Filter>Assets</Filter>
    </Image>
  </ItemGroup>
  <ItemGroup>
    <Manifest Include="settings.manifest">
      <Filter>Assets</Filter>
    </Manifest>
  </ItemGroup>
  <ItemGroup>
    <None Include="packages.config" />
    <None Include="..\ThirdParty\ImGui\misc\debuggers\imgui.natstepfilter">
      <Filter>ImGui</Filter>
    </None>
  </ItemGroup>
  <ItemGroup>
    <Natvis Include="..\ThirdParty\ImGui\misc\debuggers\imgui.natvis">
      <Filter>ImGui</Filter>
    </Natvis>
  </ItemGroup>
</Project>